// !$*UTF8*$!
{
	archiveVersion = 1;
	classes = {
	};
	objectVersion = 46;
	objects = {

/* Begin PBXBuildFile section */
		ADFFC14C1B211B0D006550C1 /* AppDelegate.swift in Sources */ = {isa = PBXBuildFile; fileRef = ADFFC14B1B211B0D006550C1 /* AppDelegate.swift */; };
		ADFFC14E1B211B0D006550C1 /* ViewController.swift in Sources */ = {isa = PBXBuildFile; fileRef = ADFFC14D1B211B0D006550C1 /* ViewController.swift */; };
		ADFFC1511B211B0D006550C1 /* Main.storyboard in Resources */ = {isa = PBXBuildFile; fileRef = ADFFC14F1B211B0D006550C1 /* Main.storyboard */; };
		ADFFC1531B211B0D006550C1 /* Images.xcassets in Resources */ = {isa = PBXBuildFile; fileRef = ADFFC1521B211B0D006550C1 /* Images.xcassets */; };
		ADFFC1561B211B0D006550C1 /* LaunchScreen.xib in Resources */ = {isa = PBXBuildFile; fileRef = ADFFC1541B211B0D006550C1 /* LaunchScreen.xib */; };
		ADFFC1621B211B0E006550C1 /* Whats_The_WeatherTests.swift in Sources */ = {isa = PBXBuildFile; fileRef = ADFFC1611B211B0E006550C1 /* Whats_The_WeatherTests.swift */; };
/* End PBXBuildFile section */

/* Begin PBXContainerItemProxy section */
		ADFFC15C1B211B0D006550C1 /* PBXContainerItemProxy */ = {
			isa = PBXContainerItemProxy;
			containerPortal = ADFFC13E1B211B0D006550C1 /* Project object */;
			proxyType = 1;
			remoteGlobalIDString = ADFFC1451B211B0D006550C1;
			remoteInfo = "Whats The Weather";
		};
/* End PBXContainerItemProxy section */

/* Begin PBXFileReference section */
		ADFFC1461B211B0D006550C1 /* Whats The Weather.app */ = {isa = PBXFileReference; explicitFileType = wrapper.application; includeInIndex = 0; path = "Whats The Weather.app"; sourceTree = BUILT_PRODUCTS_DIR; };
		ADFFC14A1B211B0D006550C1 /* Info.plist */ = {isa = PBXFileReference; lastKnownFileType = text.plist.xml; path = Info.plist; sourceTree = "<group>"; };
		ADFFC14B1B211B0D006550C1 /* AppDelegate.swift */ = {isa = PBXFileReference; lastKnownFileType = sourcecode.swift; path = AppDelegate.swift; sourceTree = "<group>"; };
		ADFFC14D1B211B0D006550C1 /* ViewController.swift */ = {isa = PBXFileReference; lastKnownFileType = sourcecode.swift; path = ViewController.swift; sourceTree = "<group>"; };
		ADFFC1501B211B0D006550C1 /* Base */ = {isa = PBXFileReference; lastKnownFileType = file.storyboard; name = Base; path = Base.lproj/Main.storyboard; sourceTree = "<group>"; };
		ADFFC1521B211B0D006550C1 /* Images.xcassets */ = {isa = PBXFileReference; lastKnownFileType = folder.assetcatalog; path = Images.xcassets; sourceTree = "<group>"; };
		ADFFC1551B211B0D006550C1 /* Base */ = {isa = PBXFileReference; lastKnownFileType = file.xib; name = Base; path = Base.lproj/LaunchScreen.xib; sourceTree = "<group>"; };
		ADFFC15B1B211B0D006550C1 /* Whats The WeatherTests.xctest */ = {isa = PBXFileReference; explicitFileType = wrapper.cfbundle; includeInIndex = 0; path = "Whats The WeatherTests.xctest"; sourceTree = BUILT_PRODUCTS_DIR; };
		ADFFC1601B211B0E006550C1 /* Info.plist */ = {isa = PBXFileReference; lastKnownFileType = text.plist.xml; path = Info.plist; sourceTree = "<group>"; };
		ADFFC1611B211B0E006550C1 /* Whats_The_WeatherTests.swift */ = {isa = PBXFileReference; lastKnownFileType = sourcecode.swift; path = Whats_The_WeatherTests.swift; sourceTree = "<group>"; };
/* End PBXFileReference section */

/* Begin PBXFrameworksBuildPhase section */
		ADFFC1431B211B0D006550C1 /* Frameworks */ = {
			isa = PBXFrameworksBuildPhase;
			buildActionMask = 2147483647;
			files = (
			);
			runOnlyForDeploymentPostprocessing = 0;
		};
		ADFFC1581B211B0D006550C1 /* Frameworks */ = {
			isa = PBXFrameworksBuildPhase;
			buildActionMask = 2147483647;
			files = (
			);
			runOnlyForDeploymentPostprocessing = 0;
		};
/* End PBXFrameworksBuildPhase section */

/* Begin PBXGroup section */
		ADFFC13D1B211B0D006550C1 = {
			isa = PBXGroup;
			children = (
				ADFFC1481B211B0D006550C1 /* Whats The Weather */,
				ADFFC15E1B211B0D006550C1 /* Whats The WeatherTests */,
				ADFFC1471B211B0D006550C1 /* Products */,
			);
			sourceTree = "<group>";
		};
		ADFFC1471B211B0D006550C1 /* Products */ = {
			isa = PBXGroup;
			children = (
				ADFFC1461B211B0D006550C1 /* Whats The Weather.app */,
				ADFFC15B1B211B0D006550C1 /* Whats The WeatherTests.xctest */,
			);
			name = Products;
			sourceTree = "<group>";
		};
		ADFFC1481B211B0D006550C1 /* Whats The Weather */ = {
			isa = PBXGroup;
			children = (
				ADFFC14B1B211B0D006550C1 /* AppDelegate.swift */,
				ADFFC14D1B211B0D006550C1 /* ViewController.swift */,
				ADFFC14F1B211B0D006550C1 /* Main.storyboard */,
				ADFFC1521B211B0D006550C1 /* Images.xcassets */,
				ADFFC1541B211B0D006550C1 /* LaunchScreen.xib */,
				ADFFC1491B211B0D006550C1 /* Supporting Files */,
			);
			path = "Whats The Weather";
			sourceTree = "<group>";
		};
		ADFFC1491B211B0D006550C1 /* Supporting Files */ = {
			isa = PBXGroup;
			children = (
				ADFFC14A1B211B0D006550C1 /* Info.plist */,
			);
			name = "Supporting Files";
			sourceTree = "<group>";
		};
		ADFFC15E1B211B0D006550C1 /* Whats The WeatherTests */ = {
			isa = PBXGroup;
			children = (
				ADFFC1611B211B0E006550C1 /* Whats_The_WeatherTests.swift */,
				ADFFC15F1B211B0E006550C1 /* Supporting Files */,
			);
			path = "Whats The WeatherTests";
			sourceTree = "<group>";
		};
		ADFFC15F1B211B0E006550C1 /* Supporting Files */ = {
			isa = PBXGroup;
			children = (
				ADFFC1601B211B0E006550C1 /* Info.plist */,
			);
			name = "Supporting Files";
			sourceTree = "<group>";
		};
/* End PBXGroup section */

/* Begin PBXNativeTarget section */
		ADFFC1451B211B0D006550C1 /* Whats The Weather */ = {
			isa = PBXNativeTarget;
			buildConfigurationList = ADFFC1651B211B0E006550C1 /* Build configuration list for PBXNativeTarget "Whats The Weather" */;
			buildPhases = (
				ADFFC1421B211B0D006550C1 /* Sources */,
				ADFFC1431B211B0D006550C1 /* Frameworks */,
				ADFFC1441B211B0D006550C1 /* Resources */,
			);
			buildRules = (
			);
			dependencies = (
			);
			name = "Whats The Weather";
			productName = "Whats The Weather";
			productReference = ADFFC1461B211B0D006550C1 /* Whats The Weather.app */;
			productType = "com.apple.product-type.application";
		};
		ADFFC15A1B211B0D006550C1 /* Whats The WeatherTests */ = {
			isa = PBXNativeTarget;
			buildConfigurationList = ADFFC1681B211B0E006550C1 /* Build configuration list for PBXNativeTarget "Whats The WeatherTests" */;
			buildPhases = (
				ADFFC1571B211B0D006550C1 /* Sources */,
				ADFFC1581B211B0D006550C1 /* Frameworks */,
				ADFFC1591B211B0D006550C1 /* Resources */,
			);
			buildRules = (
			);
			dependencies = (
				ADFFC15D1B211B0D006550C1 /* PBXTargetDependency */,
			);
			name = "Whats The WeatherTests";
			productName = "Whats The WeatherTests";
			productReference = ADFFC15B1B211B0D006550C1 /* Whats The WeatherTests.xctest */;
			productType = "com.apple.product-type.bundle.unit-test";
		};
/* End PBXNativeTarget section */

/* Begin PBXProject section */
		ADFFC13E1B211B0D006550C1 /* Project object */ = {
			isa = PBXProject;
			attributes = {
				LastUpgradeCheck = 0630;
				ORGANIZATIONNAME = LiquidGroup;
				TargetAttributes = {
					ADFFC1451B211B0D006550C1 = {
						CreatedOnToolsVersion = 6.3.2;
					};
					ADFFC15A1B211B0D006550C1 = {
						CreatedOnToolsVersion = 6.3.2;
						TestTargetID = ADFFC1451B211B0D006550C1;
					};
				};
			};
			buildConfigurationList = ADFFC1411B211B0D006550C1 /* Build configuration list for PBXProject "Whats The Weather" */;
			compatibilityVersion = "Xcode 3.2";
			developmentRegion = English;
			hasScannedForEncodings = 0;
			knownRegions = (
				en,
				Base,
			);
			mainGroup = ADFFC13D1B211B0D006550C1;
			productRefGroup = ADFFC1471B211B0D006550C1 /* Products */;
			projectDirPath = "";
			projectRoot = "";
			targets = (
				ADFFC1451B211B0D006550C1 /* Whats The Weather */,
				ADFFC15A1B211B0D006550C1 /* Whats The WeatherTests */,
			);
		};
/* End PBXProject section */

/* Begin PBXResourcesBuildPhase section */
		ADFFC1441B211B0D006550C1 /* Resources */ = {
			isa = PBXResourcesBuildPhase;
			buildActionMask = 2147483647;
			files = (
				ADFFC1511B211B0D006550C1 /* Main.storyboard in Resources */,
				ADFFC1561B211B0D006550C1 /* LaunchScreen.xib in Resources */,
				ADFFC1531B211B0D006550C1 /* Images.xcassets in Resources */,
			);
			runOnlyForDeploymentPostprocessing = 0;
		};
		ADFFC1591B211B0D006550C1 /* Resources */ = {
			isa = PBXResourcesBuildPhase;
			buildActionMask = 2147483647;
			files = (
			);
			runOnlyForDeploymentPostprocessing = 0;
		};
/* End PBXResourcesBuildPhase section */

/* Begin PBXSourcesBuildPhase section */
		ADFFC1421B211B0D006550C1 /* Sources */ = {
			isa = PBXSourcesBuildPhase;
			buildActionMask = 2147483647;
			files = (
				ADFFC14E1B211B0D006550C1 /* ViewController.swift in Sources */,
				ADFFC14C1B211B0D006550C1 /* AppDelegate.swift in Sources */,
			);
			runOnlyForDeploymentPostprocessing = 0;
		};
		ADFFC1571B211B0D006550C1 /* Sources */ = {
			isa = PBXSourcesBuildPhase;
			buildActionMask = 2147483647;
			files = (
				ADFFC1621B211B0E006550C1 /* Whats_The_WeatherTests.swift in Sources */,
			);
			runOnlyForDeploymentPostprocessing = 0;
		};
/* End PBXSourcesBuildPhase section */

/* Begin PBXTargetDependency section */
		ADFFC15D1B211B0D006550C1 /* PBXTargetDependency */ = {
			isa = PBXTargetDependency;
			target = ADFFC1451B211B0D006550C1 /* Whats The Weather */;
			targetProxy = ADFFC15C1B211B0D006550C1 /* PBXContainerItemProxy */;
		};
/* End PBXTargetDependency section */

/* Begin PBXVariantGroup section */
		ADFFC14F1B211B0D006550C1 /* Main.storyboard */ = {
			isa = PBXVariantGroup;
			children = (
				ADFFC1501B211B0D006550C1 /* Base */,
			);
			name = Main.storyboard;
			sourceTree = "<group>";
		};
		ADFFC1541B211B0D006550C1 /* LaunchScreen.xib */ = {
			isa = PBXVariantGroup;
			children = (
				ADFFC1551B211B0D006550C1 /* Base */,
			);
			name = LaunchScreen.xib;
			sourceTree = "<group>";
		};
/* End PBXVariantGroup section */

/* Begin XCBuildConfiguration section */
		ADFFC1631B211B0E006550C1 /* Debug */ = {
			isa = XCBuildConfiguration;
			buildSettings = {
				ALWAYS_SEARCH_USER_PATHS = NO;
				CLANG_CXX_LANGUAGE_STANDARD = "gnu++0x";
				CLANG_CXX_LIBRARY = "libc++";
				CLANG_ENABLE_MODULES = YES;
				CLANG_ENABLE_OBJC_ARC = YES;
				CLANG_WARN_BOOL_CONVERSION = YES;
				CLANG_WARN_CONSTANT_CONVERSION = YES;
				CLANG_WARN_DIRECT_OBJC_ISA_USAGE = YES_ERROR;
				CLANG_WARN_EMPTY_BODY = YES;
				CLANG_WARN_ENUM_CONVERSION = YES;
				CLANG_WARN_INT_CONVERSION = YES;
				CLANG_WARN_OBJC_ROOT_CLASS = YES_ERROR;
				CLANG_WARN_UNREACHABLE_CODE = YES;
				CLANG_WARN__DUPLICATE_METHOD_MATCH = YES;
				"CODE_SIGN_IDENTITY[sdk=iphoneos*]" = "iPhone Developer";
				COPY_PHASE_STRIP = NO;
				DEBUG_INFORMATION_FORMAT = "dwarf-with-dsym";
				ENABLE_STRICT_OBJC_MSGSEND = YES;
				GCC_C_LANGUAGE_STANDARD = gnu99;
				GCC_DYNAMIC_NO_PIC = NO;
				GCC_NO_COMMON_BLOCKS = YES;
				GCC_OPTIMIZATION_LEVEL = 0;
				GCC_PREPROCESSOR_DEFINITIONS = (
					"DEBUG=1",
					"$(inherited)",
				);
				GCC_SYMBOLS_PRIVATE_EXTERN = NO;
				GCC_WARN_64_TO_32_BIT_CONVERSION = YES;
				GCC_WARN_ABOUT_RETURN_TYPE = YES_ERROR;
				GCC_WARN_UNDECLARED_SELECTOR = YES;
				GCC_WARN_UNINITIALIZED_AUTOS = YES_AGGRESSIVE;
				GCC_WARN_UNUSED_FUNCTION = YES;
				GCC_WARN_UNUSED_VARIABLE = YES;
				IPHONEOS_DEPLOYMENT_TARGET = 8.3;
				MTL_ENABLE_DEBUG_INFO = YES;
				ONLY_ACTIVE_ARCH = YES;
				SDKROOT = iphoneos;
				SWIFT_OPTIMIZATION_LEVEL = "-Onone";
			};
			name = Debug;
		};
		ADFFC1641B211B0E006550C1 /* Release */ = {
			isa = XCBuildConfiguration;
			buildSettings = {
				ALWAYS_SEARCH_USER_PATHS = NO;
				CLANG_CXX_LANGUAGE_STANDARD = "gnu++0x";
				CLANG_CXX_LIBRARY = "libc++";
				CLANG_ENABLE_MODULES = YES;
				CLANG_ENABLE_OBJC_ARC = YES;
				CLANG_WARN_BOOL_CONVERSION = YES;
				CLANG_WARN_CONSTANT_CONVERSION = YES;
				CLANG_WARN_DIRECT_OBJC_ISA_USAGE = YES_ERROR;
				CLANG_WARN_EMPTY_BODY = YES;
				CLANG_WARN_ENUM_CONVERSION = YES;
				CLANG_WARN_INT_CONVERSION = YES;
				CLANG_WARN_OBJC_ROOT_CLASS = YES_ERROR;
				CLANG_WARN_UNREACHABLE_CODE = YES;
				CLANG_WARN__DUPLICATE_METHOD_MATCH = YES;
				"CODE_SIGN_IDENTITY[sdk=iphoneos*]" = "iPhone Developer";
				COPY_PHASE_STRIP = NO;
				DEBUG_INFORMATION_FORMAT = "dwarf-with-dsym";
				ENABLE_NS_ASSERTIONS = NO;
				ENABLE_STRICT_OBJC_MSGSEND = YES;
				GCC_C_LANGUAGE_STANDARD = gnu99;
				GCC_NO_COMMON_BLOCKS = YES;
				GCC_WARN_64_TO_32_BIT_CONVERSION = YES;
				GCC_WARN_ABOUT_RETURN_TYPE = YES_ERROR;
				GCC_WARN_UNDECLARED_SELECTOR = YES;
				GCC_WARN_UNINITIALIZED_AUTOS = YES_AGGRESSIVE;
				GCC_WARN_UNUSED_FUNCTION = YES;
				GCC_WARN_UNUSED_VARIABLE = YES;
				IPHONEOS_DEPLOYMENT_TARGET = 8.3;
				MTL_ENABLE_DEBUG_INFO = NO;
				SDKROOT = iphoneos;
				VALIDATE_PRODUCT = YES;
			};
			name = Release;
		};
		ADFFC1661B211B0E006550C1 /* Debug */ = {
			isa = XCBuildConfiguration;
			buildSettings = {
				ASSETCATALOG_COMPILER_APPICON_NAME = AppIcon;
				INFOPLIST_FILE = "Whats The Weather/Info.plist";
				LD_RUNPATH_SEARCH_PATHS = "$(inherited) @executable_path/Frameworks";
				PRODUCT_NAME = "$(TARGET_NAME)";
			};
			name = Debug;
		};
		ADFFC1671B211B0E006550C1 /* Release */ = {
			isa = XCBuildConfiguration;
			buildSettings = {
				ASSETCATALOG_COMPILER_APPICON_NAME = AppIcon;
				INFOPLIST_FILE = "Whats The Weather/Info.plist";
				LD_RUNPATH_SEARCH_PATHS = "$(inherited) @executable_path/Frameworks";
				PRODUCT_NAME = "$(TARGET_NAME)";
			};
			name = Release;
		};
		ADFFC1691B211B0E006550C1 /* Debug */ = {
			isa = XCBuildConfiguration;
			buildSettings = {
				BUNDLE_LOADER = "$(TEST_HOST)";
				FRAMEWORK_SEARCH_PATHS = (
					"$(SDKROOT)/Developer/Library/Frameworks",
					"$(inherited)",
				);
				GCC_PREPROCESSOR_DEFINITIONS = (
					"DEBUG=1",
					"$(inherited)",
				);
				INFOPLIST_FILE = "Whats The WeatherTests/Info.plist";
				LD_RUNPATH_SEARCH_PATHS = "$(inherited) @executable_path/Frameworks @loader_path/Frameworks";
				PRODUCT_NAME = "$(TARGET_NAME)";
				TEST_HOST = "$(BUILT_PRODUCTS_DIR)/Whats The Weather.app/Whats The Weather";
			};
			name = Debug;
		};
		ADFFC16A1B211B0E006550C1 /* Release */ = {
			isa = XCBuildConfiguration;
			buildSettings = {
				BUNDLE_LOADER = "$(TEST_HOST)";
				FRAMEWORK_SEARCH_PATHS = (
					"$(SDKROOT)/Developer/Library/Frameworks",
					"$(inherited)",
				);
				INFOPLIST_FILE = "Whats The WeatherTests/Info.plist";
				LD_RUNPATH_SEARCH_PATHS = "$(inherited) @executable_path/Frameworks @loader_path/Frameworks";
				PRODUCT_NAME = "$(TARGET_NAME)";
				TEST_HOST = "$(BUILT_PRODUCTS_DIR)/Whats The Weather.app/Whats The Weather";
			};
			name = Release;
		};
/* End XCBuildConfiguration section */

/* Begin XCConfigurationList section */
		ADFFC1411B211B0D006550C1 /* Build configuration list for PBXProject "Whats The Weather" */ = {
			isa = XCConfigurationList;
			buildConfigurations = (
				ADFFC1631B211B0E006550C1 /* Debug */,
				ADFFC1641B211B0E006550C1 /* Release */,
			);
			defaultConfigurationIsVisible = 0;
			defaultConfigurationName = Release;
		};
		ADFFC1651B211B0E006550C1 /* Build configuration list for PBXNativeTarget "Whats The Weather" */ = {
			isa = XCConfigurationList;
			buildConfigurations = (
				ADFFC1661B211B0E006550C1 /* Debug */,
				ADFFC1671B211B0E006550C1 /* Release */,
			);
			defaultConfigurationIsVisible = 0;
		};
		ADFFC1681B211B0E006550C1 /* Build configuration list for PBXNativeTarget "Whats The WeatherTests" */ = {
			isa = XCConfigurationList;
			buildConfigurations = (
				ADFFC1691B211B0E006550C1 /* Debug */,
				ADFFC16A1B211B0E006550C1 /* Release */,
			);
			defaultConfigurationIsVisible = 0;
		};
/* End XCConfigurationList section */
	};
	rootObject = ADFFC13E1B211B0D006550C1 /* Project object */;
}
